
Microsoft Visual Studio Solution File, Format Version 12.00
# Visual Studio 15
VisualStudioVersion = 15.0.28307.136
MinimumVisualStudioVersion = 10.0.40219.1
Project("{FAE04EC0-301F-11D3-BF4B-00C04F79EFBC}") = "SGBank.UI", "SgBank.UI\SGBank.UI.csproj", "{6170D8B1-9DAF-4D9D-991D-8F180750B0F0}"
EndProject
Project("{FAE04EC0-301F-11D3-BF4B-00C04F79EFBC}") = "SGBank.Models", "SGBand.Models\SGBank.Models.csproj", "{1FBFE163-C639-4E17-9947-082ED5CA8EFC}"
EndProject
Project("{FAE04EC0-301F-11D3-BF4B-00C04F79EFBC}") = "SGBank.BLL", "SGBank.BL\SGBank.BLL.csproj", "{CE9E287D-8AA4-4801-B68F-A6B8B3287F43}"
EndProject
Project("{FAE04EC0-301F-11D3-BF4B-00C04F79EFBC}") = "SGBank.Data", "ClassLibrary1\SGBank.Data.csproj", "{911BC193-1B92-4D2F-982E-DE26D9806EA8}"
EndProject
Project("{FAE04EC0-301F-11D3-BF4B-00C04F79EFBC}") = "SGBank.Tests", "SGBank.Tests\SGBank.Tests.csproj", "{41F07642-8F22-4321-BE21-303537AAE045}"
EndProject
Project("{2150E333-8FDC-42A3-9474-1A3956D46DE8}") = "Solution Items", "Solution Items", "{6888BF21-7658-4F63-9149-A80A874D0BFF}"
	ProjectSection(SolutionItems) = preProject
		Accounts.txt = Accounts.txt
	EndProjectSection
EndProject
Global
	GlobalSection(SolutionConfigurationPlatforms) = preSolution
		Debug|Any CPU = Debug|Any CPU
		Release|Any CPU = Release|Any CPU
	EndGlobalSection
	GlobalSection(ProjectConfigurationPlatforms) = postSolution
		{6170D8B1-9DAF-4D9D-991D-8F180750B0F0}.Debug|Any CPU.ActiveCfg = Debug|Any CPU
		{6170D8B1-9DAF-4D9D-991D-8F180750B0F0}.Debug|Any CPU.Build.0 = Debug|Any CPU
		{6170D8B1-9DAF-4D9D-991D-8F180750B0F0}.Release|Any CPU.ActiveCfg = Release|Any CPU
		{6170D8B1-9DAF-4D9D-991D-8F180750B0F0}.Release|Any CPU.Build.0 = Release|Any CPU
		{1FBFE163-C639-4E17-9947-082ED5CA8EFC}.Debug|Any CPU.ActiveCfg = Debug|Any CPU
		{1FBFE163-C639-4E17-9947-082ED5CA8EFC}.Debug|Any CPU.Build.0 = Debug|Any CPU
		{1FBFE163-C639-4E17-9947-082ED5CA8EFC}.Release|Any CPU.ActiveCfg = Release|Any CPU
		{1FBFE163-C639-4E17-9947-082ED5CA8EFC}.Release|Any CPU.Build.0 = Release|Any CPU
		{CE9E287D-8AA4-4801-B68F-A6B8B3287F43}.Debug|Any CPU.ActiveCfg = Debug|Any CPU
		{CE9E287D-8AA4-4801-B68F-A6B8B3287F43}.Debug|Any CPU.Build.0 = Debug|Any CPU
		{CE9E287D-8AA4-4801-B68F-A6B8B3287F43}.Release|Any CPU.ActiveCfg = Release|Any CPU
		{CE9E287D-8AA4-4801-B68F-A6B8B3287F43}.Release|Any CPU.Build.0 = Release|Any CPU
		{911BC193-1B92-4D2F-982E-DE26D9806EA8}.Debug|Any CPU.ActiveCfg = Debug|Any CPU
		{911BC193-1B92-4D2F-982E-DE26D9806EA8}.Debug|Any CPU.Build.0 = Debug|Any CPU
		{911BC193-1B92-4D2F-982E-DE26D9806EA8}.Release|Any CPU.ActiveCfg = Release|Any CPU
		{911BC193-1B92-4D2F-982E-DE26D9806EA8}.Release|Any CPU.Build.0 = Release|Any CPU
		{41F07642-8F22-4321-BE21-303537AAE045}.Debug|Any CPU.ActiveCfg = Debug|Any CPU
		{41F07642-8F22-4321-BE21-303537AAE045}.Debug|Any CPU.Build.0 = Debug|Any CPU
		{41F07642-8F22-4321-BE21-303537AAE045}.Release|Any CPU.ActiveCfg = Release|Any CPU
		{41F07642-8F22-4321-BE21-303537AAE045}.Release|Any CPU.Build.0 = Release|Any CPU
	EndGlobalSection
	GlobalSection(SolutionProperties) = preSolution
		HideSolutionNode = FALSE
	EndGlobalSection
	GlobalSection(ExtensibilityGlobals) = postSolution
		SolutionGuid = {0396DFDA-8ECE-4AC7-AB9A-648C71C6E51D}
	EndGlobalSection
EndGlobal
